
Microsoft Visual Studio Solution File, Format Version 12.00
# Visual Studio Version 17
VisualStudioVersion = 17.4.33213.308
MinimumVisualStudioVersion = 10.0.40219.1
Project("{FAE04EC0-301F-11D3-BF4B-00C04F79EFBC}") = "Fridges.API", "Fridges.API\Fridges.API.csproj", "{552C7827-6F7E-4B47-9366-CB93B539F7E5}"
EndProject
Project("{FAE04EC0-301F-11D3-BF4B-00C04F79EFBC}") = "Fridges.Domain", "Fridges.Domain\Fridges.Domain.csproj", "{B688CE82-67A4-4D9D-B784-3E7658A2BEF3}"
EndProject
Project("{FAE04EC0-301F-11D3-BF4B-00C04F79EFBC}") = "Fridges.Application", "Fridges.Application\Fridges.Application.csproj", "{3ED6FE8B-5A8B-4652-869C-516AF9DEB493}"
EndProject
Project("{FAE04EC0-301F-11D3-BF4B-00C04F79EFBC}") = "Fridges.Infrastructure", "Fridges.Infrastructure\Fridges.Infrastructure.csproj", "{8E9C2A02-75C9-4062-BC70-DA2144A95DB9}"
EndProject
Global
	GlobalSection(SolutionConfigurationPlatforms) = preSolution
		Debug|Any CPU = Debug|Any CPU
		Release|Any CPU = Release|Any CPU
	EndGlobalSection
	GlobalSection(ProjectConfigurationPlatforms) = postSolution
		{552C7827-6F7E-4B47-9366-CB93B539F7E5}.Debug|Any CPU.ActiveCfg = Debug|Any CPU
		{552C7827-6F7E-4B47-9366-CB93B539F7E5}.Debug|Any CPU.Build.0 = Debug|Any CPU
		{552C7827-6F7E-4B47-9366-CB93B539F7E5}.Release|Any CPU.ActiveCfg = Release|Any CPU
		{552C7827-6F7E-4B47-9366-CB93B539F7E5}.Release|Any CPU.Build.0 = Release|Any CPU
		{B688CE82-67A4-4D9D-B784-3E7658A2BEF3}.Debug|Any CPU.ActiveCfg = Debug|Any CPU
		{B688CE82-67A4-4D9D-B784-3E7658A2BEF3}.Debug|Any CPU.Build.0 = Debug|Any CPU
		{B688CE82-67A4-4D9D-B784-3E7658A2BEF3}.Release|Any CPU.ActiveCfg = Release|Any CPU
		{B688CE82-67A4-4D9D-B784-3E7658A2BEF3}.Release|Any CPU.Build.0 = Release|Any CPU
		{3ED6FE8B-5A8B-4652-869C-516AF9DEB493}.Debug|Any CPU.ActiveCfg = Debug|Any CPU
		{3ED6FE8B-5A8B-4652-869C-516AF9DEB493}.Debug|Any CPU.Build.0 = Debug|Any CPU
		{3ED6FE8B-5A8B-4652-869C-516AF9DEB493}.Release|Any CPU.ActiveCfg = Release|Any CPU
		{3ED6FE8B-5A8B-4652-869C-516AF9DEB493}.Release|Any CPU.Build.0 = Release|Any CPU
		{8E9C2A02-75C9-4062-BC70-DA2144A95DB9}.Debug|Any CPU.ActiveCfg = Debug|Any CPU
		{8E9C2A02-75C9-4062-BC70-DA2144A95DB9}.Debug|Any CPU.Build.0 = Debug|Any CPU
		{8E9C2A02-75C9-4062-BC70-DA2144A95DB9}.Release|Any CPU.ActiveCfg = Release|Any CPU
		{8E9C2A02-75C9-4062-BC70-DA2144A95DB9}.Release|Any CPU.Build.0 = Release|Any CPU
	EndGlobalSection
	GlobalSection(SolutionProperties) = preSolution
		HideSolutionNode = FALSE
	EndGlobalSection
	GlobalSection(ExtensibilityGlobals) = postSolution
		SolutionGuid = {3CBD929C-CDF1-414F-A8B7-309983475B04}
	EndGlobalSection
EndGlobal
